# @generated by Move, please check-in and do not edit manually.

[move]
version = 3
manifest_digest = "6354C7C165C048253AAFC31813B96B0CB4E11A8B1264C80CB9B03DC1F7B5D45A"
deps_digest = "397E6A9F7A624706DBDFEE056CE88391A15876868FD18A88504DA74EB458D697"
dependencies = [
  { id = "LegatoMath", name = "LegatoMath" },
  { id = "Sui", name = "Sui" },
  { id = "SuiSystem", name = "SuiSystem" },
  { id = "haedal", name = "haedal" },
  { id = "kamo", name = "kamo" },
]

[[move.package]]
id = "LegatoMath"
source = { git = "https://github.com/tamago-labs/legato-math.git", rev = "main", subdir = "packages/sui" }

dependencies = [
  { id = "MoveStdlib", name = "MoveStdlib" },
]

[[move.package]]
id = "MoveStdlib"
source = { git = "https://github.com/MystenLabs/sui.git", rev = "framework/mainnet", subdir = "crates/sui-framework/packages/move-stdlib" }

[[move.package]]
id = "Sui"
source = { git = "https://github.com/MystenLabs/sui.git", rev = "framework/mainnet", subdir = "crates/sui-framework/packages/sui-framework" }

dependencies = [
  { id = "MoveStdlib", name = "MoveStdlib" },
]

[[move.package]]
id = "SuiSystem"
source = { git = "https://github.com/MystenLabs/sui.git", rev = "framework/mainnet", subdir = "crates/sui-framework/packages/sui-system" }

dependencies = [
  { id = "MoveStdlib", name = "MoveStdlib" },
  { id = "Sui", name = "Sui" },
]

[[move.package]]
id = "haedal"
source = { local = "../haedal" }

dependencies = [
  { id = "Sui", name = "Sui" },
  { id = "SuiSystem", name = "SuiSystem" },
]

[[move.package]]
id = "kamo"
source = { local = "../../core-contract/kamo" }

dependencies = [
  { id = "LegatoMath", name = "LegatoMath" },
  { id = "Sui", name = "Sui" },
  { id = "SuiSystem", name = "SuiSystem" },
]

[move.toolchain-version]
compiler-version = "1.44.3"
edition = "2024.beta"
flavor = "sui"

[env]

[env.mainnet]
chain-id = "35834a8a"
original-published-id = "0x35d484e1a87057e1782e99c7426801049a25e2c6f229303f7a6bdffb5f85b723"
latest-published-id = "0x35d484e1a87057e1782e99c7426801049a25e2c6f229303f7a6bdffb5f85b723"
published-version = "1"
